{
  "nodes": {
    "brew-src": {
      "flake": false,
      "locked": {
        "lastModified": 1758543057,
        "narHash": "sha256-lw3V2jOGYphUFHYQ5oARcb6urlbNpUCLJy1qhsGdUmc=",
        "owner": "Homebrew",
        "repo": "brew",
        "rev": "5b236456eb93133c2bd0d60ef35ed63f1c0712f6",
        "type": "github"
      },
      "original": {
        "owner": "Homebrew",
        "ref": "4.6.12",
        "repo": "brew",
        "type": "github"
      }
    },
    "darwin": {
      "inputs": {
        "nixpkgs": [
          "nixpkgs"
        ]
      },
      "locked": {
        "lastModified": 1760721282,
        "narHash": "sha256-aAHphQbU9t/b2RRy2Eb8oMv+I08isXv2KUGFAFn7nCo=",
        "owner": "LnL7",
        "repo": "nix-darwin",
        "rev": "c3211fcd0c56c11ff110d346d4487b18f7365168",
        "type": "github"
      },
      "original": {
        "owner": "LnL7",
        "ref": "master",
        "repo": "nix-darwin",
        "type": "github"
      }
    },
    "disko": {
      "inputs": {
        "nixpkgs": [
          "nixpkgs"
        ]
      },
      "locked": {
        "lastModified": 1760701190,
        "narHash": "sha256-y7UhnWlER8r776JsySqsbTUh2Txf7K30smfHlqdaIQw=",
        "owner": "nix-community",
        "repo": "disko",
        "rev": "3a9450b26e69dcb6f8de6e2b07b3fc1c288d85f5",
        "type": "github"
      },
      "original": {
        "owner": "nix-community",
        "repo": "disko",
        "type": "github"
      }
    },
    "flake-utils": {
      "inputs": {
        "systems": "systems"
      },
      "locked": {
        "lastModified": 1731533236,
        "narHash": "sha256-l0KFg5HjrsfsO/JpG+r7fRrqm12kzFHyUHqHCVpMMbI=",
        "owner": "numtide",
        "repo": "flake-utils",
        "rev": "11707dc2f618dd54ca8739b309ec4fc024de578b",
        "type": "github"
      },
      "original": {
        "owner": "numtide",
        "repo": "flake-utils",
        "type": "github"
      }
    },
    "forgit": {
      "flake": false,
      "locked": {
        "lastModified": 1757306872,
        "narHash": "sha256-MG60GzRG0NFQsGXBXBedSweucxo88S/NACXTme7ixRM=",
        "owner": "wfxr",
        "repo": "forgit",
        "rev": "2a4e2e53b70f7f517475bb6c088650a374d45cd0",
        "type": "github"
      },
      "original": {
        "owner": "wfxr",
        "repo": "forgit",
        "type": "github"
      }
    },
    "fzf-tab": {
      "flake": false,
      "locked": {
        "lastModified": 1758160945,
        "narHash": "sha256-1Ior+/9e+M+Fc1u0uq5HhknlGRS96q7tazhEE6rmx9Y=",
        "owner": "Aloxaf",
        "repo": "fzf-tab",
        "rev": "fac145167f7ec1861233c54de0c8900b09c650fe",
        "type": "github"
      },
      "original": {
        "owner": "Aloxaf",
        "repo": "fzf-tab",
        "type": "github"
      }
    },
    "home-manager": {
      "inputs": {
        "nixpkgs": [
          "nixpkgs"
        ]
      },
      "locked": {
        "lastModified": 1761191301,
        "narHash": "sha256-xsRL2Oyb4YRZZ1Tu4WzR2uFg1n931bH+PfLdFcqtLg8=",
        "owner": "nix-community",
        "repo": "home-manager",
        "rev": "4958aafe7b237dc1e857fb0c916efff72075048f",
        "type": "github"
      },
      "original": {
        "owner": "nix-community",
        "repo": "home-manager",
        "type": "github"
      }
    },
    "homebrew-bundle": {
      "flake": false,
      "locked": {
        "lastModified": 1745335228,
        "narHash": "sha256-TIKR2UgtyUmHLNZp255/vLs+1I10hXe+sciMEbAGFwE=",
        "owner": "homebrew",
        "repo": "homebrew-bundle",
        "rev": "a3265c84b232e13048ecbf6fc18a2eedfadbeb08",
        "type": "github"
      },
      "original": {
        "owner": "homebrew",
        "repo": "homebrew-bundle",
        "type": "github"
      }
    },
    "homebrew-cask": {
      "flake": false,
      "locked": {
        "lastModified": 1761225611,
        "narHash": "sha256-mhEykw/G4OIbyWsSka8MgRM5yuTLN41f21GCG95f6Qs=",
        "owner": "homebrew",
        "repo": "homebrew-cask",
        "rev": "67e47e9e1773ea0a3d1241db51173196b9d161fd",
        "type": "github"
      },
      "original": {
        "owner": "homebrew",
        "repo": "homebrew-cask",
        "type": "github"
      }
    },
    "homebrew-core": {
      "flake": false,
      "locked": {
        "lastModified": 1761226226,
        "narHash": "sha256-0vwFG9/B9Pen2EGYpZR7y3elHAeFPd5PK4bMyljwb84=",
        "owner": "homebrew",
        "repo": "homebrew-core",
        "rev": "0b6dd111b207b8c41349fe69199d39c16f478fb9",
        "type": "github"
      },
      "original": {
        "owner": "homebrew",
        "repo": "homebrew-core",
        "type": "github"
      }
    },
    "homebrew-tap-opencode": {
      "flake": false,
      "locked": {
        "lastModified": 1761198919,
        "narHash": "sha256-lSkhWwnKqODUU+3EUlvePT9dwCdSEzLKVU+X7kuE/dw=",
        "owner": "sst",
        "repo": "homebrew-tap",
        "rev": "a63602b2263910d5a854d27bcd90116fb84ae839",
        "type": "github"
      },
      "original": {
        "owner": "sst",
        "repo": "homebrew-tap",
        "type": "github"
      }
    },
    "nix-homebrew": {
      "inputs": {
        "brew-src": "brew-src"
      },
      "locked": {
        "lastModified": 1758598228,
        "narHash": "sha256-qr60maXGbZ4FX5tejPRI3nr0bnRTnZ3AbbbfO6/6jq4=",
        "owner": "zhaofengli-wip",
        "repo": "nix-homebrew",
        "rev": "f36e5db56e117f7df701ab152d0d2036ea85218c",
        "type": "github"
      },
      "original": {
        "owner": "zhaofengli-wip",
        "repo": "nix-homebrew",
        "type": "github"
      }
    },
    "nixpkgs": {
      "locked": {
        "lastModified": 1761114652,
        "narHash": "sha256-f/QCJM/YhrV/lavyCVz8iU3rlZun6d+dAiC3H+CDle4=",
        "owner": "nixos",
        "repo": "nixpkgs",
        "rev": "01f116e4df6a15f4ccdffb1bcd41096869fb385c",
        "type": "github"
      },
      "original": {
        "owner": "nixos",
        "ref": "nixos-unstable",
        "repo": "nixpkgs",
        "type": "github"
      }
    },
    "root": {
      "inputs": {
        "darwin": "darwin",
        "disko": "disko",
        "flake-utils": "flake-utils",
        "forgit": "forgit",
        "fzf-tab": "fzf-tab",
        "home-manager": "home-manager",
        "homebrew-bundle": "homebrew-bundle",
        "homebrew-cask": "homebrew-cask",
        "homebrew-core": "homebrew-core",
        "homebrew-tap-opencode": "homebrew-tap-opencode",
        "nix-homebrew": "nix-homebrew",
        "nixpkgs": "nixpkgs",
        "zsh-alias-finder": "zsh-alias-finder",
        "zsh-autopair": "zsh-autopair"
      }
    },
    "systems": {
      "locked": {
        "lastModified": 1681028828,
        "narHash": "sha256-Vy1rq5AaRuLzOxct8nz4T6wlgyUR7zLU309k9mBC768=",
        "owner": "nix-systems",
        "repo": "default",
        "rev": "da67096a3b9bf56a91d16901293e51ba5b49a27e",
        "type": "github"
      },
      "original": {
        "owner": "nix-systems",
        "repo": "default",
        "type": "github"
      }
    },
    "zsh-alias-finder": {
      "flake": false,
      "locked": {
        "lastModified": 1659597643,
        "narHash": "sha256-aB5kI+Jt7TVQMCeLcvpAmoMaGxRF1xqw1tioQxbJOzE=",
        "owner": "akash329d",
        "repo": "zsh-alias-finder",
        "rev": "ef6451c5b08f833f5c74303928f7b5c7f858ae84",
        "type": "github"
      },
      "original": {
        "owner": "akash329d",
        "repo": "zsh-alias-finder",
        "type": "github"
      }
    },
    "zsh-autopair": {
      "flake": false,
      "locked": {
        "lastModified": 1720984677,
        "narHash": "sha256-3zvOgIi+q7+sTXrT+r/4v98qjeiEL4Wh64rxBYnwJvQ=",
        "owner": "hlissner",
        "repo": "zsh-autopair",
        "rev": "449a7c3d095bc8f3d78cf37b9549f8bb4c383f3d",
        "type": "github"
      },
      "original": {
        "owner": "hlissner",
        "repo": "zsh-autopair",
        "type": "github"
      }
    }
  },
  "root": "root",
  "version": 7
}
