{
  "nodes": {
    "brew-src": {
      "flake": false,
      "locked": {
        "lastModified": 1786945682,
        "narHash": "sha256-VBESSoJccikdhxh3vp3SQeG7cZXTOulMvVkoSqNDEhs=",
        "owner": "Homebrew",
        "repo": "brew",
        "rev": "5b90e281d4e0c8fbd6ca4d8358276fb305b8d0bd",
        "type": "github"
      },
      "original": {
        "owner": "Homebrew",
        "ref": "6.0.18",
        "repo": "brew",
        "type": "github"
      }
    },
    "darwin": {
      "inputs": {
        "nixpkgs": [
          "nixpkgs"
        ]
      },
      "locked": {
        "lastModified": 1786845137,
        "narHash": "sha256-oQFip+v0luP8NIxJzmiW4Wu8bILsbFWom5l0zonl8hQ=",
        "owner": "LnL7",
        "repo": "nix-darwin",
        "rev": "4cff07de74b50e64bdd68cd4e722ab5b6b35ee48",
        "type": "github"
      },
      "original": {
        "owner": "LnL7",
        "ref": "master",
        "repo": "nix-darwin",
        "type": "github"
      }
    },
    "disko": {
      "inputs": {
        "nixpkgs": [
          "nixpkgs"
        ]
      },
      "locked": {
        "lastModified": 1781152676,
        "narHash": "sha256-RxWs5ND31KzTG7wvMM+PMfUjyNpmIEr999lqNARaM5o=",
        "owner": "nix-community",
        "repo": "disko",
        "rev": "ff8702b4de27f72b4c78573dfb89ec74e36abdf1",
        "type": "github"
      },
      "original": {
        "owner": "nix-community",
        "repo": "disko",
        "type": "github"
      }
    },
    "flake-utils": {
      "inputs": {
        "systems": "systems"
      },
      "locked": {
        "lastModified": 1731533236,
        "narHash": "sha256-l0KFg5HjrsfsO/JpG+r7fRrqm12kzFHyUHqHCVpMMbI=",
        "owner": "numtide",
        "repo": "flake-utils",
        "rev": "11707dc2f618dd54ca8739b309ec4fc024de578b",
        "type": "github"
      },
      "original": {
        "owner": "numtide",
        "repo": "flake-utils",
        "type": "github"
      }
    },
    "forgit": {
      "flake": false,
      "locked": {
        "lastModified": 1788018333,
        "narHash": "sha256-2fj/nPP0LvDgMlD0s6ikxCSBxb20hohaZASPoljLM/c=",
        "owner": "wfxr",
        "repo": "forgit",
        "rev": "3fe2a163343270b1b0e631bf35c12a7d98093464",
        "type": "github"
      },
      "original": {
        "owner": "wfxr",
        "repo": "forgit",
        "type": "github"
      }
    },
    "fzf-tab": {
      "flake": false,
      "locked": {
        "lastModified": 1780551775,
        "narHash": "sha256-YhTSu0P7mFlVx1zBvbT0jNstkamcZHhPYJHKMAHgyuM=",
        "owner": "Aloxaf",
        "repo": "fzf-tab",
        "rev": "24105b15714bfec37989ed5c5b6e60f572253019",
        "type": "github"
      },
      "original": {
        "owner": "Aloxaf",
        "repo": "fzf-tab",
        "type": "github"
      }
    },
    "home-manager": {
      "inputs": {
        "nixpkgs": [
          "nixpkgs"
        ]
      },
      "locked": {
        "lastModified": 1787797243,
        "narHash": "sha256-8+Q7NOB7RPajRjA4pbCDLzqH+MTjnG9x6LUPLfL2joA=",
        "owner": "nix-community",
        "repo": "home-manager",
        "rev": "99c9ec63390f1d8c14d95d9e8b17cc29cfbd4e11",
        "type": "github"
      },
      "original": {
        "owner": "nix-community",
        "repo": "home-manager",
        "type": "github"
      }
    },
    "homebrew-bundle": {
      "flake": false,
      "locked": {
        "lastModified": 1745335228,
        "narHash": "sha256-TIKR2UgtyUmHLNZp255/vLs+1I10hXe+sciMEbAGFwE=",
        "owner": "homebrew",
        "repo": "homebrew-bundle",
        "rev": "a3265c84b232e13048ecbf6fc18a2eedfadbeb08",
        "type": "github"
      },
      "original": {
        "owner": "homebrew",
        "repo": "homebrew-bundle",
        "type": "github"
      }
    },
    "homebrew-cask": {
      "flake": false,
      "locked": {
        "lastModified": 1788097687,
        "narHash": "sha256-3+pPxJPd6YpN9MigUnGRXf7qWtUIdb6/zqNnbdipI2k=",
        "owner": "homebrew",
        "repo": "homebrew-cask",
        "rev": "cc625839942cbcc324cd8c1e3fe28acbc2c751bb",
        "type": "github"
      },
      "original": {
        "owner": "homebrew",
        "repo": "homebrew-cask",
        "type": "github"
      }
    },
    "homebrew-core": {
      "flake": false,
      "locked": {
        "lastModified": 1788096795,
        "narHash": "sha256-s10+i1V6jv8KWJuTyHgSgt8ShLk1X/M0m4fYz7QK6d0=",
        "owner": "homebrew",
        "repo": "homebrew-core",
        "rev": "8bd8af5a3e5afbaade4a5f1618d149dac786bf76",
        "type": "github"
      },
      "original": {
        "owner": "homebrew",
        "repo": "homebrew-core",
        "type": "github"
      }
    },
    "homebrew-tap-opencode": {
      "flake": false,
      "locked": {
        "lastModified": 1787896630,
        "narHash": "sha256-mgFl8J+VQdDnC2Yk2GexjIDBxz5rGULmH0MyuNuFhIU=",
        "owner": "sst",
        "repo": "homebrew-tap",
        "rev": "984576582cae44e68ae75c0840bcddb0afa4d05b",
        "type": "github"
      },
      "original": {
        "owner": "sst",
        "repo": "homebrew-tap",
        "type": "github"
      }
    },
    "homebrew-tap-steipete": {
      "flake": false,
      "locked": {
        "lastModified": 1788087067,
        "narHash": "sha256-UCBGSRDIRQ5HaeS5iLkY1Du5bNCwjWNWIJ92u5x/y/8=",
        "owner": "steipete",
        "repo": "homebrew-tap",
        "rev": "7889bf1fab7e18b53b51e1bd90675f108600a1b2",
        "type": "github"
      },
      "original": {
        "owner": "steipete",
        "repo": "homebrew-tap",
        "type": "github"
      }
    },
    "nix-homebrew": {
      "inputs": {
        "brew-src": "brew-src"
      },
      "locked": {
        "lastModified": 1787330919,
        "narHash": "sha256-LslMncqN7uOOH5S88WZtO/EVt2HwD8ltUnfyANk+mC0=",
        "owner": "zhaofengli-wip",
        "repo": "nix-homebrew",
        "rev": "b00218e4aec0e5bf07d61a0bb13f842faa582d7b",
        "type": "github"
      },
      "original": {
        "owner": "zhaofengli-wip",
        "repo": "nix-homebrew",
        "type": "github"
      }
    },
    "nixpkgs": {
      "locked": {
        "lastModified": 1787900134,
        "narHash": "sha256-VYXO0XZlgj06dxJZRhrD3WoSsvq/c7+/Akyoa22pefw=",
        "owner": "nixos",
        "repo": "nixpkgs",
        "rev": "83199d0d373dd3ac2b9a1996b1d0263f76ab7a4c",
        "type": "github"
      },
      "original": {
        "owner": "nixos",
        "ref": "nixos-unstable",
        "repo": "nixpkgs",
        "type": "github"
      }
    },
    "root": {
      "inputs": {
        "darwin": "darwin",
        "disko": "disko",
        "flake-utils": "flake-utils",
        "forgit": "forgit",
        "fzf-tab": "fzf-tab",
        "home-manager": "home-manager",
        "homebrew-bundle": "homebrew-bundle",
        "homebrew-cask": "homebrew-cask",
        "homebrew-core": "homebrew-core",
        "homebrew-tap-opencode": "homebrew-tap-opencode",
        "homebrew-tap-steipete": "homebrew-tap-steipete",
        "nix-homebrew": "nix-homebrew",
        "nixpkgs": "nixpkgs",
        "yazi-plugin-bypass": "yazi-plugin-bypass",
        "yazi-plugin-eza-preview": "yazi-plugin-eza-preview",
        "yazi-plugin-hexyl": "yazi-plugin-hexyl",
        "yazi-plugin-omp": "yazi-plugin-omp",
        "zsh-alias-finder": "zsh-alias-finder",
        "zsh-autopair": "zsh-autopair"
      }
    },
    "systems": {
      "locked": {
        "lastModified": 1681028828,
        "narHash": "sha256-Vy1rq5AaRuLzOxct8nz4T6wlgyUR7zLU309k9mBC768=",
        "owner": "nix-systems",
        "repo": "default",
        "rev": "da67096a3b9bf56a91d16901293e51ba5b49a27e",
        "type": "github"
      },
      "original": {
        "owner": "nix-systems",
        "repo": "default",
        "type": "github"
      }
    },
    "yazi-plugin-bypass": {
      "flake": false,
      "locked": {
        "lastModified": 1779052711,
        "narHash": "sha256-kho114UcjV90BDghZxUn2gZXtjY0tsE+C9ttlQZli6U=",
        "owner": "Rolv-Apneseth",
        "repo": "bypass.yazi",
        "rev": "4a0c70ec9122d884deb659ff620af0098314c136",
        "type": "github"
      },
      "original": {
        "owner": "Rolv-Apneseth",
        "repo": "bypass.yazi",
        "type": "github"
      }
    },
    "yazi-plugin-eza-preview": {
      "flake": false,
      "locked": {
        "lastModified": 1782819739,
        "narHash": "sha256-8isGaJSVu7R76hKfGRszMdBOItYjVOKqvDpv9ccpBAs=",
        "owner": "ahkohd",
        "repo": "eza-preview.yazi",
        "rev": "e8fb6c8c57bc5f94ff269089078e76c8ed77cd21",
        "type": "github"
      },
      "original": {
        "owner": "ahkohd",
        "repo": "eza-preview.yazi",
        "type": "github"
      }
    },
    "yazi-plugin-hexyl": {
      "flake": false,
      "locked": {
        "lastModified": 1744660531,
        "narHash": "sha256-ly/cLKl2y3npoT2nX8ioGOFcRXI4UXbD9Es/5veUhOU=",
        "owner": "Reledia",
        "repo": "hexyl.yazi",
        "rev": "016a09bcc249dd3ce06267d54cc039e73de9c647",
        "type": "github"
      },
      "original": {
        "owner": "Reledia",
        "repo": "hexyl.yazi",
        "type": "github"
      }
    },
    "yazi-plugin-omp": {
      "flake": false,
      "locked": {
        "lastModified": 1771299864,
        "narHash": "sha256-jawTDIMHIu6YYWcKy9TOuk37yiRcHZ+IhZcdNLE/2VU=",
        "owner": "saumyajyoti",
        "repo": "omp.yazi",
        "rev": "32ae96c8da930641ee81c32f76b2d7452ba6c8d9",
        "type": "github"
      },
      "original": {
        "owner": "saumyajyoti",
        "repo": "omp.yazi",
        "type": "github"
      }
    },
    "zsh-alias-finder": {
      "flake": false,
      "locked": {
        "lastModified": 1659597643,
        "narHash": "sha256-aB5kI+Jt7TVQMCeLcvpAmoMaGxRF1xqw1tioQxbJOzE=",
        "owner": "akash329d",
        "repo": "zsh-alias-finder",
        "rev": "ef6451c5b08f833f5c74303928f7b5c7f858ae84",
        "type": "github"
      },
      "original": {
        "owner": "akash329d",
        "repo": "zsh-alias-finder",
        "type": "github"
      }
    },
    "zsh-autopair": {
      "flake": false,
      "locked": {
        "lastModified": 1720984677,
        "narHash": "sha256-3zvOgIi+q7+sTXrT+r/4v98qjeiEL4Wh64rxBYnwJvQ=",
        "owner": "hlissner",
        "repo": "zsh-autopair",
        "rev": "449a7c3d095bc8f3d78cf37b9549f8bb4c383f3d",
        "type": "github"
      },
      "original": {
        "owner": "hlissner",
        "repo": "zsh-autopair",
        "type": "github"
      }
    }
  },
  "root": "root",
  "version": 7
}
